
Microsoft Visual Studio Solution File, Format Version 12.00
# Visual Studio Version 17
VisualStudioVersion = 17.0.32002.185
MinimumVisualStudioVersion = 10.0.40219.1
Project("{FAE04EC0-301F-11D3-BF4B-00C04F79EFBC}") = "GetHashEquals", "GetHashEquals.csproj", "{10F1B766-8B2B-4699-9A15-F604D2F69685}"
EndProject
Global
	GlobalSection(SolutionConfigurationPlatforms) = preSolution
		Debug|Any CPU = Debug|Any CPU
		Release|Any CPU = Release|Any CPU
	EndGlobalSection
	GlobalSection(ProjectConfigurationPlatforms) = postSolution
		{10F1B766-8B2B-4699-9A15-F604D2F69685}.Debug|Any CPU.ActiveCfg = Debug|Any CPU
		{10F1B766-8B2B-4699-9A15-F604D2F69685}.Debug|Any CPU.Build.0 = Debug|Any CPU
		{10F1B766-8B2B-4699-9A15-F604D2F69685}.Release|Any CPU.ActiveCfg = Release|Any CPU
		{10F1B766-8B2B-4699-9A15-F604D2F69685}.Release|Any CPU.Build.0 = Release|Any CPU
	EndGlobalSection
	GlobalSection(SolutionProperties) = preSolution
		HideSolutionNode = FALSE
	EndGlobalSection
	GlobalSection(ExtensibilityGlobals) = postSolution
		SolutionGuid = {177A3550-311E-4E32-A18E-413C73F515BA}
	EndGlobalSection
EndGlobal
